
Microsoft Visual Studio Solution File, Format Version 12.00
# Visual Studio Version 16
VisualStudioVersion = 16.0.30413.136
MinimumVisualStudioVersion = 10.0.40219.1
Project("{8BC9CEB8-8B4A-11D0-8D11-00A0C91BC942}") = "shvx", "SHVX\shvx.vcxproj", "{94A13F4E-DF0A-49C2-A7F9-8186904137DD}"
EndProject
Global
	GlobalSection(SolutionConfigurationPlatforms) = preSolution
		Release|x64 = Release|x64
	EndGlobalSection
	GlobalSection(ProjectConfigurationPlatforms) = postSolution
		{94A13F4E-DF0A-49C2-A7F9-8186904137DD}.Release|x64.ActiveCfg = Release|x64
		{94A13F4E-DF0A-49C2-A7F9-8186904137DD}.Release|x64.Build.0 = Release|x64
	EndGlobalSection
	GlobalSection(SolutionProperties) = preSolution
		HideSolutionNode = FALSE
	EndGlobalSection
	GlobalSection(ExtensibilityGlobals) = postSolution
		SolutionGuid = {B2AADD2B-5DD3-4736-8850-1DEEF24664E6}
	EndGlobalSection
EndGlobal
